version: 5
environments:
  default:
    channels:
    - url: https://conda.anaconda.org/conda-forge/
    packages:
      osx-arm64:
      - conda: https://conda.anaconda.org/conda-forge/noarch/annotated-types-0.7.0-pyhd8ed1ab_0.conda
      - conda: https://conda.anaconda.org/conda-forge/noarch/anyio-4.6.2.post1-pyhd8ed1ab_0.conda
      - conda: https://conda.anaconda.org/conda-forge/osx-arm64/bzip2-1.0.8-h99b78c6_7.conda
      - conda: https://conda.anaconda.org/conda-forge/osx-arm64/ca-certificates-2024.8.30-hf0a4a13_0.conda
      - conda: https://conda.anaconda.org/conda-forge/noarch/certifi-2024.8.30-pyhd8ed1ab_0.conda
      - conda: https://conda.anaconda.org/conda-forge/noarch/click-8.1.7-unix_pyh707e725_0.conda
      - conda: https://conda.anaconda.org/conda-forge/noarch/dnspython-2.7.0-pyhff2d567_0.conda
      - conda: https://conda.anaconda.org/conda-forge/noarch/email-validator-2.2.0-pyhd8ed1ab_0.conda
      - conda: https://conda.anaconda.org/conda-forge/noarch/email_validator-2.2.0-hd8ed1ab_0.conda
      - conda: https://conda.anaconda.org/conda-forge/noarch/exceptiongroup-1.2.2-pyhd8ed1ab_0.conda
      - conda: https://conda.anaconda.org/conda-forge/noarch/fastapi-0.115.5-pyhff2d567_0.conda
      - conda: https://conda.anaconda.org/conda-forge/noarch/fastapi-cli-0.0.5-pyhd8ed1ab_1.conda
      - conda: https://conda.anaconda.org/conda-forge/noarch/h11-0.14.0-pyhd8ed1ab_0.tar.bz2
      - conda: https://conda.anaconda.org/conda-forge/noarch/h2-4.1.0-pyhd8ed1ab_0.tar.bz2
      - conda: https://conda.anaconda.org/conda-forge/noarch/hpack-4.0.0-pyh9f0ad1d_0.tar.bz2
      - conda: https://conda.anaconda.org/conda-forge/noarch/httpcore-1.0.7-pyh29332c3_1.conda
      - conda: https://conda.anaconda.org/conda-forge/osx-arm64/httptools-0.6.1-py313h20a7fcf_1.conda
      - conda: https://conda.anaconda.org/conda-forge/noarch/httpx-0.27.2-pyhd8ed1ab_0.conda
      - conda: https://conda.anaconda.org/conda-forge/noarch/hyperframe-6.0.1-pyhd8ed1ab_0.tar.bz2
      - conda: https://conda.anaconda.org/conda-forge/noarch/idna-3.10-pyhd8ed1ab_0.conda
      - conda: https://conda.anaconda.org/conda-forge/noarch/jinja2-3.1.4-pyhd8ed1ab_0.conda
      - conda: https://conda.anaconda.org/conda-forge/osx-arm64/libexpat-2.6.4-h286801f_0.conda
      - conda: https://conda.anaconda.org/conda-forge/osx-arm64/libffi-3.4.2-h3422bc3_5.tar.bz2
      - conda: https://conda.anaconda.org/conda-forge/osx-arm64/libmpdec-4.0.0-h99b78c6_0.conda
      - conda: https://conda.anaconda.org/conda-forge/osx-arm64/libsqlite-3.47.0-hbaaea75_1.conda
      - conda: https://conda.anaconda.org/conda-forge/osx-arm64/libuv-1.49.2-h7ab814d_0.conda
      - conda: https://conda.anaconda.org/conda-forge/osx-arm64/libzlib-1.3.1-h8359307_2.conda
      - conda: https://conda.anaconda.org/conda-forge/noarch/markdown-it-py-3.0.0-pyhd8ed1ab_0.conda
      - conda: https://conda.anaconda.org/conda-forge/osx-arm64/markupsafe-3.0.2-py313heb2b014_0.conda
      - conda: https://conda.anaconda.org/conda-forge/noarch/mdurl-0.1.2-pyhd8ed1ab_0.conda
      - conda: https://conda.anaconda.org/conda-forge/osx-arm64/ncurses-6.5-h7bae524_1.conda
      - conda: https://conda.anaconda.org/conda-forge/osx-arm64/openssl-3.4.0-h39f12f2_0.conda
      - conda: https://conda.anaconda.org/conda-forge/noarch/pydantic-2.10.1-pyh10f6f8f_0.conda
      - conda: https://conda.anaconda.org/conda-forge/osx-arm64/pydantic-core-2.27.1-py313hdde674f_0.conda
      - conda: https://conda.anaconda.org/conda-forge/noarch/pygments-2.18.0-pyhd8ed1ab_0.conda
      - conda: https://conda.anaconda.org/conda-forge/osx-arm64/python-3.13.0-h75c3a9f_100_cp313.conda
      - conda: https://conda.anaconda.org/conda-forge/noarch/python-dotenv-1.0.1-pyhd8ed1ab_0.conda
      - conda: https://conda.anaconda.org/conda-forge/noarch/python-multipart-0.0.17-pyhff2d567_0.conda
      - conda: https://conda.anaconda.org/conda-forge/osx-arm64/python_abi-3.13-5_cp313.conda
      - conda: https://conda.anaconda.org/conda-forge/osx-arm64/pyyaml-6.0.2-py313h20a7fcf_1.conda
      - conda: https://conda.anaconda.org/conda-forge/osx-arm64/readline-8.2-h92ec313_1.conda
      - conda: https://conda.anaconda.org/conda-forge/noarch/rich-13.9.4-pyhd8ed1ab_0.conda
      - conda: https://conda.anaconda.org/conda-forge/noarch/shellingham-1.5.4-pyhd8ed1ab_0.conda
      - conda: https://conda.anaconda.org/conda-forge/noarch/sniffio-1.3.1-pyhd8ed1ab_0.conda
      - conda: https://conda.anaconda.org/conda-forge/noarch/starlette-0.41.3-pyh7900ff3_0.conda
      - conda: https://conda.anaconda.org/conda-forge/osx-arm64/tk-8.6.13-h5083fa2_1.conda
      - conda: https://conda.anaconda.org/conda-forge/noarch/typer-0.13.1-pyhd8ed1ab_0.conda
      - conda: https://conda.anaconda.org/conda-forge/noarch/typer-slim-0.13.1-pyhff2d567_0.conda
      - conda: https://conda.anaconda.org/conda-forge/noarch/typer-slim-standard-0.13.1-hd8ed1ab_0.conda
      - conda: https://conda.anaconda.org/conda-forge/noarch/typing-extensions-4.12.2-hd8ed1ab_0.conda
      - conda: https://conda.anaconda.org/conda-forge/noarch/typing_extensions-4.12.2-pyha770c72_0.conda
      - conda: https://conda.anaconda.org/conda-forge/noarch/tzdata-2024b-hc8b5060_0.conda
      - conda: https://conda.anaconda.org/conda-forge/noarch/uvicorn-0.32.1-pyh31011fe_0.conda
      - conda: https://conda.anaconda.org/conda-forge/noarch/uvicorn-standard-0.32.1-h31011fe_0.conda
      - conda: https://conda.anaconda.org/conda-forge/osx-arm64/uvloop-0.21.0-py313h63a2874_1.conda
      - conda: https://conda.anaconda.org/conda-forge/osx-arm64/watchfiles-0.24.0-py313h849cdff_1.conda
      - conda: https://conda.anaconda.org/conda-forge/osx-arm64/websockets-14.1-py313h90d716c_0.conda
      - conda: https://conda.anaconda.org/conda-forge/osx-arm64/xz-5.2.6-h57fd34a_0.tar.bz2
      - conda: https://conda.anaconda.org/conda-forge/osx-arm64/yaml-0.2.5-h3422bc3_2.tar.bz2
packages:
- kind: conda
  name: annotated-types
  version: 0.7.0
  build: pyhd8ed1ab_0
  subdir: noarch
  noarch: python
  url: https://conda.anaconda.org/conda-forge/noarch/annotated-types-0.7.0-pyhd8ed1ab_0.conda
  sha256: 668f0825b6c18e4012ca24a0070562b6ec801ebc7008228a428eb52b4038873f
  md5: 7e9f4612544c8edbfd6afad17f1bd045
  depends:
  - python >=3.7
  - typing-extensions >=4.0.0
  license: MIT
  license_family: MIT
  size: 18235
  timestamp: 1716290348421
- kind: conda
  name: anyio
  version: 4.6.2.post1
  build: pyhd8ed1ab_0
  subdir: noarch
  noarch: python
  url: https://conda.anaconda.org/conda-forge/noarch/anyio-4.6.2.post1-pyhd8ed1ab_0.conda
  sha256: 4b54b7ce79d818e3cce54ae4d552dba51b7afac160ceecdefd04b3917a37c502
  md5: 688697ec5e9588bdded167d19577625b
  depends:
  - exceptiongroup >=1.0.2
  - idna >=2.8
  - python >=3.9
  - sniffio >=1.1
  - typing_extensions >=4.1
  constrains:
  - uvloop >=0.21.0b1
  - trio >=0.26.1
  license: MIT
  license_family: MIT
  size: 109864
  timestamp: 1728935803440
- kind: conda
  name: bzip2
  version: 1.0.8
  build: h99b78c6_7
  build_number: 7
  subdir: osx-arm64
  url: https://conda.anaconda.org/conda-forge/osx-arm64/bzip2-1.0.8-h99b78c6_7.conda
  sha256: adfa71f158cbd872a36394c56c3568e6034aa55c623634b37a4836bd036e6b91
  md5: fc6948412dbbbe9a4c9ddbbcfe0a79ab
  depends:
  - __osx >=11.0
  license: bzip2-1.0.6
  license_family: BSD
  size: 122909
  timestamp: 1720974522888
- kind: conda
  name: ca-certificates
  version: 2024.8.30
  build: hf0a4a13_0
  subdir: osx-arm64
  url: https://conda.anaconda.org/conda-forge/osx-arm64/ca-certificates-2024.8.30-hf0a4a13_0.conda
  sha256: 2db1733f4b644575dbbdd7994a8f338e6ef937f5ebdb74acd557e9dda0211709
  md5: 40dec13fd8348dbe303e57be74bd3d35
  license: ISC
  size: 158482
  timestamp: 1725019034582
- kind: conda
  name: certifi
  version: 2024.8.30
  build: pyhd8ed1ab_0
  subdir: noarch
  noarch: python
  url: https://conda.anaconda.org/conda-forge/noarch/certifi-2024.8.30-pyhd8ed1ab_0.conda
  sha256: 7020770df338c45ac6b560185956c32f0a5abf4b76179c037f115fc7d687819f
  md5: 12f7d00853807b0531775e9be891cb11
  depends:
  - python >=3.7
  license: ISC
  size: 163752
  timestamp: 1725278204397
- kind: conda
  name: click
  version: 8.1.7
  build: unix_pyh707e725_0
  subdir: noarch
  noarch: python
  url: https://conda.anaconda.org/conda-forge/noarch/click-8.1.7-unix_pyh707e725_0.conda
  sha256: f0016cbab6ac4138a429e28dbcb904a90305b34b3fe41a9b89d697c90401caec
  md5: f3ad426304898027fc619827ff428eca
  depends:
  - __unix
  - python >=3.8
  license: BSD-3-Clause
  license_family: BSD
  size: 84437
  timestamp: 1692311973840
- kind: conda
  name: dnspython
  version: 2.7.0
  build: pyhff2d567_0
  subdir: noarch
  noarch: python
  url: https://conda.anaconda.org/conda-forge/noarch/dnspython-2.7.0-pyhff2d567_0.conda
  sha256: 3e2ea1bfd90969e0e1f152bb1f969c56661278ad6bfaa3272027b1ff0d9a1a23
  md5: 0adf8f63d500d20418656289249533f9
  depends:
  - python >=3.9.0,<4.0.0
  - sniffio
  constrains:
  - cryptography >=43
  - wmi >=1.5.1
  - h2 >=4.1.0
  - trio >=0.23
  - httpcore >=1.0.0
  - aioquic >=1.0.0
  - httpx >=0.26.0
  - idna >=3.7
  license: ISC
  license_family: OTHER
  size: 172740
  timestamp: 1728178868478
- kind: conda
  name: email-validator
  version: 2.2.0
  build: pyhd8ed1ab_0
  subdir: noarch
  noarch: python
  url: https://conda.anaconda.org/conda-forge/noarch/email-validator-2.2.0-pyhd8ed1ab_0.conda
  sha256: ea9e936ed7c49ea6d66fa3554afe31ba311f2a3d5e384d8c38925fda9e37bdb9
  md5: 3067adf57ee658ddf5bfad47b0041ce4
  depends:
  - dnspython >=2.0.0
  - idna >=2.0.0
  - python >=3.7
  license: Unlicense
  size: 44157
  timestamp: 1718984716782
- kind: conda
  name: email_validator
  version: 2.2.0
  build: hd8ed1ab_0
  subdir: noarch
  noarch: generic
  url: https://conda.anaconda.org/conda-forge/noarch/email_validator-2.2.0-hd8ed1ab_0.conda
  sha256: 2cbbbe9e0f3872214227c27b8b775dd2296a435c90ef50a7cc69934c329b6c65
  md5: 0214a004f7cf5ac28fc10a390dfc47ee
  depends:
  - email-validator >=2.2.0,<2.2.1.0a0
  license: Unlicense
  size: 6690
  timestamp: 1718984720419
- kind: conda
  name: exceptiongroup
  version: 1.2.2
  build: pyhd8ed1ab_0
  subdir: noarch
  noarch: python
  url: https://conda.anaconda.org/conda-forge/noarch/exceptiongroup-1.2.2-pyhd8ed1ab_0.conda
  sha256: e0edd30c4b7144406bb4da975e6bb97d6bc9c0e999aa4efe66ae108cada5d5b5
  md5: d02ae936e42063ca46af6cdad2dbd1e0
  depends:
  - python >=3.7
  license: MIT and PSF-2.0
  size: 20418
  timestamp: 1720869435725
- kind: conda
  name: fastapi
  version: 0.115.5
  build: pyhff2d567_0
  subdir: noarch
  noarch: python
  url: https://conda.anaconda.org/conda-forge/noarch/fastapi-0.115.5-pyhff2d567_0.conda
  sha256: da2833cc2ea5789abc2a6899be02ba0a769386d4913ff182bd1a9458bea40c34
  md5: cfe0f8cd904ab19c36ba50eb5179ebe0
  depends:
  - email_validator >=2.0.0
  - fastapi-cli >=0.0.5
  - httpx >=0.23.0
  - jinja2 >=2.11.2
  - pydantic >=1.7.4,!=1.8,!=1.8.1,!=2.0.0,!=2.0.1,!=2.1.0,<3.0.0
  - python >=3.9
  - python-multipart >=0.0.7
  - starlette >=0.40.0,<0.42.0
  - typing_extensions >=4.8.0
  - uvicorn-standard >=0.12.0
  license: MIT
  license_family: MIT
  size: 73541
  timestamp: 1731452895466
- kind: conda
  name: fastapi-cli
  version: 0.0.5
  build: pyhd8ed1ab_1
  build_number: 1
  subdir: noarch
  noarch: python
  url: https://conda.anaconda.org/conda-forge/noarch/fastapi-cli-0.0.5-pyhd8ed1ab_1.conda
  sha256: 2294f02beff318614a737454f1a432a6f4ae22216a85b296b7041fedab293516
  md5: d141225aba450ec07c771c73ac57bb43
  depends:
  - python >=3.8
  - typer >=0.12.3
  - uvicorn-standard >=0.15.0
  license: MIT
  license_family: MIT
  size: 14441
  timestamp: 1728947860847
- kind: conda
  name: h11
  version: 0.14.0
  build: pyhd8ed1ab_0
  subdir: noarch
  noarch: python
  url: https://conda.anaconda.org/conda-forge/noarch/h11-0.14.0-pyhd8ed1ab_0.tar.bz2
  sha256: 817d2c77d53afe3f3d9cf7f6eb8745cdd8ea76c7adaa9d7ced75c455a2c2c085
  md5: b21ed0883505ba1910994f1df031a428
  depends:
  - python >=3
  - typing_extensions
  license: MIT
  license_family: MIT
  size: 48251
  timestamp: 1664132995560
- kind: conda
  name: h2
  version: 4.1.0
  build: pyhd8ed1ab_0
  subdir: noarch
  noarch: python
  url: https://conda.anaconda.org/conda-forge/noarch/h2-4.1.0-pyhd8ed1ab_0.tar.bz2
  sha256: bfc6a23849953647f4e255c782e74a0e18fe16f7e25c7bb0bc57b83bb6762c7a
  md5: b748fbf7060927a6e82df7cb5ee8f097
  depends:
  - hpack >=4.0,<5
  - hyperframe >=6.0,<7
  - python >=3.6.1
  license: MIT
  license_family: MIT
  size: 46754
  timestamp: 1634280590080
- kind: conda
  name: hpack
  version: 4.0.0
  build: pyh9f0ad1d_0
  subdir: noarch
  noarch: python
  url: https://conda.anaconda.org/conda-forge/noarch/hpack-4.0.0-pyh9f0ad1d_0.tar.bz2
  sha256: 5dec948932c4f740674b1afb551223ada0c55103f4c7bf86a110454da3d27cb8
  md5: 914d6646c4dbb1fd3ff539830a12fd71
  depends:
  - python
  license: MIT
  license_family: MIT
  size: 25341
  timestamp: 1598856368685
- kind: conda
  name: httpcore
  version: 1.0.7
  build: pyh29332c3_1
  build_number: 1
  subdir: noarch
  noarch: python
  url: https://conda.anaconda.org/conda-forge/noarch/httpcore-1.0.7-pyh29332c3_1.conda
  sha256: c84d012a245171f3ed666a8bf9319580c269b7843ffa79f26468842da3abd5df
  md5: 2ca8e6dbc86525c8b95e3c0ffa26442e
  depends:
  - python >=3.8
  - h11 >=0.13,<0.15
  - h2 >=3,<5
  - sniffio 1.*
  - anyio >=3.0,<5.0
  - certifi
  license: BSD-3-Clause
  license_family: BSD
  size: 48959
  timestamp: 1731707562362
- kind: conda
  name: httptools
  version: 0.6.1
  build: py313h20a7fcf_1
  build_number: 1
  subdir: osx-arm64
  url: https://conda.anaconda.org/conda-forge/osx-arm64/httptools-0.6.1-py313h20a7fcf_1.conda
  sha256: afd09a1808bb73b9a15dbe2a836a33b6725ee3feea4d23df7cab6fd9e44eed85
  md5: 38cc9ff7dce1d3a162a1c287f370ea94
  depends:
  - __osx >=11.0
  - python >=3.13.0rc2,<3.14.0a0
  - python >=3.13.0rc2,<3.14.0a0 *_cp313
  - python_abi 3.13.* *_cp313
  license: MIT
  license_family: MIT
  size: 76265
  timestamp: 1726688322526
- kind: conda
  name: httpx
  version: 0.27.2
  build: pyhd8ed1ab_0
  subdir: noarch
  noarch: python
  url: https://conda.anaconda.org/conda-forge/noarch/httpx-0.27.2-pyhd8ed1ab_0.conda
  sha256: 1a33f160548bf447e15c0273899d27e4473f1d5b7ca1441232ec2d9d07c56d03
  md5: 7e9ac3faeebdbd7b53b462c41891e7f7
  depends:
  - anyio
  - certifi
  - httpcore 1.*
  - idna
  - python >=3.8
  - sniffio
  license: BSD-3-Clause
  license_family: BSD
  size: 65085
  timestamp: 1724778453275
- kind: conda
  name: hyperframe
  version: 6.0.1
  build: pyhd8ed1ab_0
  subdir: noarch
  noarch: python
  url: https://conda.anaconda.org/conda-forge/noarch/hyperframe-6.0.1-pyhd8ed1ab_0.tar.bz2
  sha256: e374a9d0f53149328134a8d86f5d72bca4c6dcebed3c0ecfa968c02996289330
  md5: 9f765cbfab6870c8435b9eefecd7a1f4
  depends:
  - python >=3.6
  license: MIT
  license_family: MIT
  size: 14646
  timestamp: 1619110249723
- kind: conda
  name: idna
  version: '3.10'
  build: pyhd8ed1ab_0
  subdir: noarch
  noarch: python
  url: https://conda.anaconda.org/conda-forge/noarch/idna-3.10-pyhd8ed1ab_0.conda
  sha256: 8c57fd68e6be5eecba4462e983aed7e85761a519aab80e834bbd7794d4b545b2
  md5: 7ba2ede0e7c795ff95088daf0dc59753
  depends:
  - python >=3.6
  license: BSD-3-Clause
  license_family: BSD
  size: 49837
  timestamp: 1726459583613
- kind: conda
  name: jinja2
  version: 3.1.4
  build: pyhd8ed1ab_0
  subdir: noarch
  noarch: python
  url: https://conda.anaconda.org/conda-forge/noarch/jinja2-3.1.4-pyhd8ed1ab_0.conda
  sha256: 27380d870d42d00350d2d52598cddaf02f9505fb24be09488da0c9b8d1428f2d
  md5: 7b86ecb7d3557821c649b3c31e3eb9f2
  depends:
  - markupsafe >=2.0
  - python >=3.7
  license: BSD-3-Clause
  license_family: BSD
  size: 111565
  timestamp: 1715127275924
- kind: conda
  name: libexpat
  version: 2.6.4
  build: h286801f_0
  subdir: osx-arm64
  url: https://conda.anaconda.org/conda-forge/osx-arm64/libexpat-2.6.4-h286801f_0.conda
  sha256: e42ab5ace927ee7c84e3f0f7d813671e1cf3529f5f06ee5899606630498c2745
  md5: 38d2656dd914feb0cab8c629370768bf
  depends:
  - __osx >=11.0
  constrains:
  - expat 2.6.4.*
  license: MIT
  license_family: MIT
  size: 64693
  timestamp: 1730967175868
- kind: conda
  name: libffi
  version: 3.4.2
  build: h3422bc3_5
  build_number: 5
  subdir: osx-arm64
  url: https://conda.anaconda.org/conda-forge/osx-arm64/libffi-3.4.2-h3422bc3_5.tar.bz2
  sha256: 41b3d13efb775e340e4dba549ab5c029611ea6918703096b2eaa9c015c0750ca
  md5: 086914b672be056eb70fd4285b6783b6
  license: MIT
  license_family: MIT
  size: 39020
  timestamp: 1636488587153
- kind: conda
  name: libmpdec
  version: 4.0.0
  build: h99b78c6_0
  subdir: osx-arm64
  url: https://conda.anaconda.org/conda-forge/osx-arm64/libmpdec-4.0.0-h99b78c6_0.conda
  sha256: f7917de9117d3a5fe12a39e185c7ce424f8d5010a6f97b4333e8a1dcb2889d16
  md5: 7476305c35dd9acef48da8f754eedb40
  depends:
  - __osx >=11.0
  license: BSD-2-Clause
  license_family: BSD
  size: 69263
  timestamp: 1723817629767
- kind: conda
  name: libsqlite
  version: 3.47.0
  build: hbaaea75_1
  build_number: 1
  subdir: osx-arm64
  url: https://conda.anaconda.org/conda-forge/osx-arm64/libsqlite-3.47.0-hbaaea75_1.conda
  sha256: 5a96caa566c11e5a5ebdcdb86a0759a7fb27d3c5f42e6a0fd0d6023c1e935d9e
  md5: 07a14fbe439eef078cc479deca321161
  depends:
  - __osx >=11.0
  - libzlib >=1.3.1,<2.0a0
  license: Unlicense
  size: 837683
  timestamp: 1730208293578
- kind: conda
  name: libuv
  version: 1.49.2
  build: h7ab814d_0
  subdir: osx-arm64
  url: https://conda.anaconda.org/conda-forge/osx-arm64/libuv-1.49.2-h7ab814d_0.conda
  sha256: 0e5176af1e788ad5006cf261c4ea5a288a935fda48993b0240ddd2e562dc3d02
  md5: 4bc348e3a1a74d20a3f9beb866d75e0a
  depends:
  - __osx >=11.0
  license: MIT
  license_family: MIT
  size: 410500
  timestamp: 1729322654121
- kind: conda
  name: libzlib
  version: 1.3.1
  build: h8359307_2
  build_number: 2
  subdir: osx-arm64
  url: https://conda.anaconda.org/conda-forge/osx-arm64/libzlib-1.3.1-h8359307_2.conda
  sha256: ce34669eadaba351cd54910743e6a2261b67009624dbc7daeeafdef93616711b
  md5: 369964e85dc26bfe78f41399b366c435
  depends:
  - __osx >=11.0
  constrains:
  - zlib 1.3.1 *_2
  license: Zlib
  license_family: Other
  size: 46438
  timestamp: 1727963202283
- kind: conda
  name: markdown-it-py
  version: 3.0.0
  build: pyhd8ed1ab_0
  subdir: noarch
  noarch: python
  url: https://conda.anaconda.org/conda-forge/noarch/markdown-it-py-3.0.0-pyhd8ed1ab_0.conda
  sha256: c041b0eaf7a6af3344d5dd452815cdc148d6284fec25a4fa3f4263b3a021e962
  md5: 93a8e71256479c62074356ef6ebf501b
  depends:
  - mdurl >=0.1,<1
  - python >=3.8
  license: MIT
  license_family: MIT
  size: 64356
  timestamp: 1686175179621
- kind: conda
  name: markupsafe
  version: 3.0.2
  build: py313heb2b014_0
  subdir: osx-arm64
  url: https://conda.anaconda.org/conda-forge/osx-arm64/markupsafe-3.0.2-py313heb2b014_0.conda
  sha256: 749b1f081ba6d327df6056387f54a7b1234e4bce483a809f44ea7882cbba0a0f
  md5: 6d41ed5825393b6d408bae2c966c391a
  depends:
  - __osx >=11.0
  - python >=3.13,<3.14.0a0
  - python >=3.13,<3.14.0a0 *_cp313
  - python_abi 3.13.* *_cp313
  constrains:
  - jinja2 >=3.0.0
  license: BSD-3-Clause
  license_family: BSD
  size: 24620
  timestamp: 1729351507962
- kind: conda
  name: mdurl
  version: 0.1.2
  build: pyhd8ed1ab_0
  subdir: noarch
  noarch: python
  url: https://conda.anaconda.org/conda-forge/noarch/mdurl-0.1.2-pyhd8ed1ab_0.conda
  sha256: 64073dfb6bb429d52fff30891877b48c7ec0f89625b1bf844905b66a81cce6e1
  md5: 776a8dd9e824f77abac30e6ef43a8f7a
  depends:
  - python >=3.6
  license: MIT
  license_family: MIT
  size: 14680
  timestamp: 1704317789138
- kind: conda
  name: ncurses
  version: '6.5'
  build: h7bae524_1
  build_number: 1
  subdir: osx-arm64
  url: https://conda.anaconda.org/conda-forge/osx-arm64/ncurses-6.5-h7bae524_1.conda
  sha256: 27d0b9ff78ad46e1f3a6c96c479ab44beda5f96def88e2fe626e0a49429d8afc
  md5: cb2b0ea909b97b3d70cd3921d1445e1a
  depends:
  - __osx >=11.0
  license: X11 AND BSD-3-Clause
  size: 802321
  timestamp: 1724658775723
- kind: conda
  name: openssl
  version: 3.4.0
  build: h39f12f2_0
  subdir: osx-arm64
  url: https://conda.anaconda.org/conda-forge/osx-arm64/openssl-3.4.0-h39f12f2_0.conda
  sha256: bd1d58ced46e75efa3b842c61642fd12272c69e9fe4d7261078bc082153a1d53
  md5: df307bbc703324722df0293c9ca2e418
  depends:
  - __osx >=11.0
  - ca-certificates
  license: Apache-2.0
  license_family: Apache
  size: 2935176
  timestamp: 1731377561525
- kind: conda
  name: pydantic
  version: 2.10.1
  build: pyh10f6f8f_0
  subdir: noarch
  noarch: python
  url: https://conda.anaconda.org/conda-forge/noarch/pydantic-2.10.1-pyh10f6f8f_0.conda
  sha256: b1872231d26ee3ded32bd1fe3ee1b3c7d9834ad72bf28aed70e5cd1235341584
  md5: c15343c9dbdb30766a07e5b70e46c7d3
  depends:
  - annotated-types >=0.6.0
  - pydantic-core 2.27.1
  - python >=3.9
  - typing-extensions >=4.6.1
  - typing_extensions >=4.12.2
  license: MIT
  license_family: MIT
  size: 315991
  timestamp: 1732286519715
- kind: conda
  name: pydantic-core
  version: 2.27.1
  build: py313hdde674f_0
  subdir: osx-arm64
  url: https://conda.anaconda.org/conda-forge/osx-arm64/pydantic-core-2.27.1-py313hdde674f_0.conda
  sha256: b55df1a12eb8c0a50dcb8eb39c12e9adaa206fd29ed3fc5b372490464269b9a8
  md5: 8c09a3119a983a2655564bcef250dfe9
  depends:
  - __osx >=11.0
  - python >=3.13,<3.14.0a0
  - python >=3.13,<3.14.0a0 *_cp313
  - python_abi 3.13.* *_cp313
  - typing-extensions >=4.6.0,!=4.7.0
  constrains:
  - __osx >=11.0
  license: MIT
  size: 1453425
  timestamp: 1732254661914
- kind: conda
  name: pygments
  version: 2.18.0
  build: pyhd8ed1ab_0
  subdir: noarch
  noarch: python
  url: https://conda.anaconda.org/conda-forge/noarch/pygments-2.18.0-pyhd8ed1ab_0.conda
  sha256: 78267adf4e76d0d64ea2ffab008c501156c108bb08fecb703816fb63e279780b
  md5: b7f5c092b8f9800150d998a71b76d5a1
  depends:
  - python >=3.8
  license: BSD-2-Clause
  license_family: BSD
  size: 879295
  timestamp: 1714846885370
- kind: conda
  name: python
  version: 3.13.0
  build: h75c3a9f_100_cp313
  build_number: 100
  subdir: osx-arm64
  url: https://conda.anaconda.org/conda-forge/osx-arm64/python-3.13.0-h75c3a9f_100_cp313.conda
  sha256: be9464399b76ae1fef77853eed70267ef657a98a5f69f7df012b7c6a34792151
  md5: 94ae22ea862d056ad1bc095443d02d73
  depends:
  - __osx >=11.0
  - bzip2 >=1.0.8,<2.0a0
  - libexpat >=2.6.3,<3.0a0
  - libffi >=3.4,<4.0a0
  - libmpdec >=4.0.0,<5.0a0
  - libsqlite >=3.46.1,<4.0a0
  - libzlib >=1.3.1,<2.0a0
  - ncurses >=6.5,<7.0a0
  - openssl >=3.3.2,<4.0a0
  - python_abi 3.13.* *_cp313
  - readline >=8.2,<9.0a0
  - tk >=8.6.13,<8.7.0a0
  - tzdata
  - xz >=5.2.6,<6.0a0
  license: Python-2.0
  size: 12804842
  timestamp: 1729168680448
- kind: conda
  name: python-dotenv
  version: 1.0.1
  build: pyhd8ed1ab_0
  subdir: noarch
  noarch: python
  url: https://conda.anaconda.org/conda-forge/noarch/python-dotenv-1.0.1-pyhd8ed1ab_0.conda
  sha256: 2d4c80364f03315d606a50eddd493dbacc078e21412c2462c0f781eec49b572c
  md5: c2997ea9360ac4e015658804a7a84f94
  depends:
  - python >=3.8
  license: BSD-3-Clause
  license_family: BSD
  size: 24278
  timestamp: 1706018281544
- kind: conda
  name: python-multipart
  version: 0.0.17
  build: pyhff2d567_0
  subdir: noarch
  noarch: python
  url: https://conda.anaconda.org/conda-forge/noarch/python-multipart-0.0.17-pyhff2d567_0.conda
  sha256: f351636a91163de28cf602c755abd1b5ad858e4a790c3a30d5a5aa1066c0550c
  md5: a08ea55eb3ad403b12639cd3a4a8d28f
  depends:
  - python >=3.8
  license: Apache-2.0
  license_family: Apache
  size: 27810
  timestamp: 1730382122271
- kind: conda
  name: python_abi
  version: '3.13'
  build: 5_cp313
  build_number: 5
  subdir: osx-arm64
  url: https://conda.anaconda.org/conda-forge/osx-arm64/python_abi-3.13-5_cp313.conda
  sha256: 4437198eae80310f40b23ae2f8a9e0a7e5c2b9ae411a8621eb03d87273666199
  md5: b8e82d0a5c1664638f87f63cc5d241fb
  constrains:
  - python 3.13.* *_cp313
  license: BSD-3-Clause
  license_family: BSD
  size: 6322
  timestamp: 1723823058879
- kind: conda
  name: pyyaml
  version: 6.0.2
  build: py313h20a7fcf_1
  build_number: 1
  subdir: osx-arm64
  url: https://conda.anaconda.org/conda-forge/osx-arm64/pyyaml-6.0.2-py313h20a7fcf_1.conda
  sha256: f9fbafcf30cfab591c67f7550c0fd58e2bff394b53864dcdc658f5abd27ce5d6
  md5: bf2ddf70a9ce8f899b1082d17cbb3d1d
  depends:
  - __osx >=11.0
  - python >=3.13.0rc1,<3.14.0a0
  - python >=3.13.0rc1,<3.14.0a0 *_cp313
  - python_abi 3.13.* *_cp313
  - yaml >=0.2.5,<0.3.0a0
  license: MIT
  license_family: MIT
  size: 187550
  timestamp: 1725456463634
- kind: conda
  name: readline
  version: '8.2'
  build: h92ec313_1
  build_number: 1
  subdir: osx-arm64
  url: https://conda.anaconda.org/conda-forge/osx-arm64/readline-8.2-h92ec313_1.conda
  sha256: a1dfa679ac3f6007362386576a704ad2d0d7a02e98f5d0b115f207a2da63e884
  md5: 8cbb776a2f641b943d413b3e19df71f4
  depends:
  - ncurses >=6.3,<7.0a0
  license: GPL-3.0-only
  license_family: GPL
  size: 250351
  timestamp: 1679532511311
- kind: conda
  name: rich
  version: 13.9.4
  build: pyhd8ed1ab_0
  subdir: noarch
  noarch: python
  url: https://conda.anaconda.org/conda-forge/noarch/rich-13.9.4-pyhd8ed1ab_0.conda
  sha256: c009488fc07fd5557434c9c1ad32ab1dd50241d6a766e4b2b4125cd6498585a8
  md5: bcf8cc8924b5d20ead3d122130b8320b
  depends:
  - markdown-it-py >=2.2.0
  - pygments >=2.13.0,<3.0.0
  - python >=3.8
  - typing_extensions >=4.0.0,<5.0.0
  license: MIT
  license_family: MIT
  size: 185481
  timestamp: 1730592349978
- kind: conda
  name: shellingham
  version: 1.5.4
  build: pyhd8ed1ab_0
  subdir: noarch
  noarch: python
  url: https://conda.anaconda.org/conda-forge/noarch/shellingham-1.5.4-pyhd8ed1ab_0.conda
  sha256: 3c49a0a101c41b7cf6ac05a1872d7a1f91f1b6d02eecb4a36b605a19517862bb
  md5: d08db09a552699ee9e7eec56b4eb3899
  depends:
  - python >=3.7
  license: MIT
  license_family: MIT
  size: 14568
  timestamp: 1698144516278
- kind: conda
  name: sniffio
  version: 1.3.1
  build: pyhd8ed1ab_0
  subdir: noarch
  noarch: python
  url: https://conda.anaconda.org/conda-forge/noarch/sniffio-1.3.1-pyhd8ed1ab_0.conda
  sha256: bc12100b2d8836b93c55068b463190505b8064d0fc7d025e89f20ebf22fe6c2b
  md5: 490730480d76cf9c8f8f2849719c6e2b
  depends:
  - python >=3.7
  license: Apache-2.0
  license_family: Apache
  size: 15064
  timestamp: 1708953086199
- kind: conda
  name: starlette
  version: 0.41.3
  build: pyh7900ff3_0
  subdir: noarch
  noarch: python
  url: https://conda.anaconda.org/conda-forge/noarch/starlette-0.41.3-pyh7900ff3_0.conda
  sha256: 33986032cb0515f7e9f6647d07006b7dc49b3f373b73d5a1826e6979c661b27a
  md5: 0889c5a3e95d8c382cff7556757aedb0
  depends:
  - anyio >=3.4.0,<5
  - python >=3.9
  - typing_extensions >=3.10.0
  license: BSD-3-Clause
  license_family: BSD
  size: 59069
  timestamp: 1732037161800
- kind: conda
  name: tk
  version: 8.6.13
  build: h5083fa2_1
  build_number: 1
  subdir: osx-arm64
  url: https://conda.anaconda.org/conda-forge/osx-arm64/tk-8.6.13-h5083fa2_1.conda
  sha256: 72457ad031b4c048e5891f3f6cb27a53cb479db68a52d965f796910e71a403a8
  md5: b50a57ba89c32b62428b71a875291c9b
  depends:
  - libzlib >=1.2.13,<2.0.0a0
  license: TCL
  license_family: BSD
  size: 3145523
  timestamp: 1699202432999
- kind: conda
  name: typer
  version: 0.13.1
  build: pyhd8ed1ab_0
  subdir: noarch
  noarch: python
  url: https://conda.anaconda.org/conda-forge/noarch/typer-0.13.1-pyhd8ed1ab_0.conda
  sha256: 2f12a5af13d440aa75970e3d0d1ea3192916848473967b4ecb483627c01333cb
  md5: 82a4704166144f27e9c83803bff5bf53
  depends:
  - python >=3.9
  - typer-slim-standard 0.13.1 hd8ed1ab_0
  license: MIT
  license_family: MIT
  size: 55352
  timestamp: 1732084066966
- kind: conda
  name: typer-slim
  version: 0.13.1
  build: pyhff2d567_0
  subdir: noarch
  noarch: python
  url: https://conda.anaconda.org/conda-forge/noarch/typer-slim-0.13.1-pyhff2d567_0.conda
  sha256: b190bcd5f341ba8843f2f1ce43b5e8dae770bb84d49e2ce5b346e4d8098367a1
  md5: 85283fb942fa2604c3db03483027ced2
  depends:
  - click >=8.0.0
  - python >=3.9
  - typing_extensions >=3.7.4.3
  constrains:
  - shellingham >=1.3.0
  - typer >=0.13.1,<0.13.2.0a0
  - rich >=10.11.0
  license: MIT
  license_family: MIT
  size: 43463
  timestamp: 1732084053693
- kind: conda
  name: typer-slim-standard
  version: 0.13.1
  build: hd8ed1ab_0
  subdir: noarch
  noarch: generic
  url: https://conda.anaconda.org/conda-forge/noarch/typer-slim-standard-0.13.1-hd8ed1ab_0.conda
  sha256: 14ac72d0533bc2f37f8dc85b90b45a91ca28ee0995c520b16a40f34629749c7a
  md5: a9bf95ed3c65bf936292d944bf3df36d
  depends:
  - rich
  - shellingham
  - typer-slim 0.13.1 pyhff2d567_0
  license: MIT
  license_family: MIT
  size: 48744
  timestamp: 1732084054211
- kind: conda
  name: typing-extensions
  version: 4.12.2
  build: hd8ed1ab_0
  subdir: noarch
  noarch: python
  url: https://conda.anaconda.org/conda-forge/noarch/typing-extensions-4.12.2-hd8ed1ab_0.conda
  sha256: d3b9a8ed6da7c9f9553c5fd8a4fca9c3e0ab712fa5f497859f82337d67533b73
  md5: 52d648bd608f5737b123f510bb5514b5
  depends:
  - typing_extensions 4.12.2 pyha770c72_0
  license: PSF-2.0
  license_family: PSF
  size: 10097
  timestamp: 1717802659025
- kind: conda
  name: typing_extensions
  version: 4.12.2
  build: pyha770c72_0
  subdir: noarch
  noarch: python
  url: https://conda.anaconda.org/conda-forge/noarch/typing_extensions-4.12.2-pyha770c72_0.conda
  sha256: 0fce54f8ec3e59f5ef3bb7641863be4e1bf1279623e5af3d3fa726e8f7628ddb
  md5: ebe6952715e1d5eb567eeebf25250fa7
  depends:
  - python >=3.8
  license: PSF-2.0
  license_family: PSF
  size: 39888
  timestamp: 1717802653893
- kind: conda
  name: tzdata
  version: 2024b
  build: hc8b5060_0
  subdir: noarch
  noarch: generic
  url: https://conda.anaconda.org/conda-forge/noarch/tzdata-2024b-hc8b5060_0.conda
  sha256: 4fde5c3008bf5d2db82f2b50204464314cc3c91c1d953652f7bd01d9e52aefdf
  md5: 8ac3367aafb1cc0a068483c580af8015
  license: LicenseRef-Public-Domain
  size: 122354
  timestamp: 1728047496079
- kind: conda
  name: uvicorn
  version: 0.32.1
  build: pyh31011fe_0
  subdir: noarch
  noarch: python
  url: https://conda.anaconda.org/conda-forge/noarch/uvicorn-0.32.1-pyh31011fe_0.conda
  sha256: a310c494c817a9f6c985fc6d2772acb953a20170d03b0eabfae0e9d8c76c97ee
  md5: fa77fc8110207b3bfc5ccc9d316744f4
  depends:
  - __unix
  - click >=7.0
  - h11 >=0.8
  - python >=3.8
  - typing_extensions >=4.0
  license: BSD-3-Clause
  license_family: BSD
  size: 49393
  timestamp: 1732185242260
- kind: conda
  name: uvicorn-standard
  version: 0.32.1
  build: h31011fe_0
  subdir: noarch
  noarch: generic
  url: https://conda.anaconda.org/conda-forge/noarch/uvicorn-standard-0.32.1-h31011fe_0.conda
  sha256: 52545f7c88a7c779376900de5f9d81ce36738cd8770b543e89592ad7d1003c40
  md5: 49c2820e0f39cb710becd856ff14d683
  depends:
  - __unix
  - httptools >=0.5.0
  - python-dotenv >=0.13
  - pyyaml >=5.1
  - uvicorn 0.32.1 pyh31011fe_0
  - uvloop >=0.14.0,!=0.15.0,!=0.15.1
  - watchfiles >=0.13
  - websockets >=10.4
  license: BSD-3-Clause
  license_family: BSD
  size: 7136
  timestamp: 1732185243035
- kind: conda
  name: uvloop
  version: 0.21.0
  build: py313h63a2874_1
  build_number: 1
  subdir: osx-arm64
  url: https://conda.anaconda.org/conda-forge/osx-arm64/uvloop-0.21.0-py313h63a2874_1.conda
  sha256: cbe2756b88bb076a52122dcce19ea465bdb1a4ecfb57f9cc21a00e934c73b32f
  md5: 7fc209a93ef04d33ffe9d372126d8db8
  depends:
  - __osx >=11.0
  - libuv >=1.49.2,<2.0a0
  - python >=3.13,<3.14.0a0
  - python >=3.13,<3.14.0a0 *_cp313
  - python_abi 3.13.* *_cp313
  license: MIT OR Apache-2.0
  size: 543651
  timestamp: 1730214744398
- kind: conda
  name: watchfiles
  version: 0.24.0
  build: py313h849cdff_1
  build_number: 1
  subdir: osx-arm64
  url: https://conda.anaconda.org/conda-forge/osx-arm64/watchfiles-0.24.0-py313h849cdff_1.conda
  sha256: 3cf7f7f180eb95bb4e41f3802ddf17a1079f1ed4f12bd5f0dac315e9b45728c9
  md5: 3242a8fb9aa80495e566c54282408244
  depends:
  - __osx >=11.0
  - anyio >=3.0.0
  - python >=3.13.0rc1,<3.14.0a0
  - python >=3.13.0rc1,<3.14.0a0 *_cp313
  - python_abi 3.13.* *_cp313
  constrains:
  - __osx >=11.0
  license: MIT
  license_family: MIT
  size: 344358
  timestamp: 1725347503243
- kind: conda
  name: websockets
  version: '14.1'
  build: py313h90d716c_0
  subdir: osx-arm64
  url: https://conda.anaconda.org/conda-forge/osx-arm64/websockets-14.1-py313h90d716c_0.conda
  sha256: b2366361d9ff8f63f947c06c6f99a769c06ec1faa8a690fa8ef0eaf219adc27d
  md5: 2431db3ea25974a9fbfd3199aee3c2ae
  depends:
  - __osx >=11.0
  - python >=3.13,<3.14.0a0
  - python >=3.13,<3.14.0a0 *_cp313
  - python_abi 3.13.* *_cp313
  license: BSD-3-Clause
  license_family: BSD
  size: 249956
  timestamp: 1731499124572
- kind: conda
  name: xz
  version: 5.2.6
  build: h57fd34a_0
  subdir: osx-arm64
  url: https://conda.anaconda.org/conda-forge/osx-arm64/xz-5.2.6-h57fd34a_0.tar.bz2
  sha256: 59d78af0c3e071021cfe82dc40134c19dab8cdf804324b62940f5c8cd71803ec
  md5: 39c6b54e94014701dd157f4f576ed211
  license: LGPL-2.1 and GPL-2.0
  size: 235693
  timestamp: 1660346961024
- kind: conda
  name: yaml
  version: 0.2.5
  build: h3422bc3_2
  build_number: 2
  subdir: osx-arm64
  url: https://conda.anaconda.org/conda-forge/osx-arm64/yaml-0.2.5-h3422bc3_2.tar.bz2
  sha256: 93181a04ba8cfecfdfb162fc958436d868cc37db504c58078eab4c1a3e57fbb7
  md5: 4bb3f014845110883a3c5ee811fd84b4
  license: MIT
  license_family: MIT
  size: 88016
  timestamp: 1641347076660
